// !$*UTF8*$!
{
	archiveVersion = 1;
	classes = {
	};
	objectVersion = 51;
	objects = {

/* Begin PBXBuildFile section */
		8402553C239D322500495F19 /* PhoneNumberForm.swift in Sources */ = {isa = PBXBuildFile; fileRef = 8402553B239D322400495F19 /* PhoneNumberForm.swift */; };
		8402553E239D80EA00495F19 /* String+Extension.swift in Sources */ = {isa = PBXBuildFile; fileRef = 8402553D239D80EA00495F19 /* String+Extension.swift */; };
		84025540239D837300495F19 /* NSRegularExpression+Extension.swift in Sources */ = {isa = PBXBuildFile; fileRef = 8402553F239D837300495F19 /* NSRegularExpression+Extension.swift */; };
		84025546239DA3B200495F19 /* RegexValidator.swift in Sources */ = {isa = PBXBuildFile; fileRef = 84025545239DA3B200495F19 /* RegexValidator.swift */; };
		84028A8F239A84C300A6A612 /* Validator.swift in Sources */ = {isa = PBXBuildFile; fileRef = 84028A8E239A84C300A6A612 /* Validator.swift */; };
		84028A91239A871600A6A612 /* ValidatorFactory.swift in Sources */ = {isa = PBXBuildFile; fileRef = 84028A90239A871600A6A612 /* ValidatorFactory.swift */; };
		84028A95239ADCD300A6A612 /* UIImage+Resize.swift in Sources */ = {isa = PBXBuildFile; fileRef = 84028A94239ADCD300A6A612 /* UIImage+Resize.swift */; };
		84039964239E7F17005AD6F7 /* ValidatableTextField.swift in Sources */ = {isa = PBXBuildFile; fileRef = 84039963239E7F17005AD6F7 /* ValidatableTextField.swift */; };
		84039966239EABE3005AD6F7 /* DateOfBirthValidator.swift in Sources */ = {isa = PBXBuildFile; fileRef = 84039965239EABE3005AD6F7 /* DateOfBirthValidator.swift */; };
		8409F3802397D3D700B91F67 /* AppDelegate.swift in Sources */ = {isa = PBXBuildFile; fileRef = 8409F37F2397D3D700B91F67 /* AppDelegate.swift */; };
		8409F3822397D3D700B91F67 /* SceneDelegate.swift in Sources */ = {isa = PBXBuildFile; fileRef = 8409F3812397D3D700B91F67 /* SceneDelegate.swift */; };
		8409F3842397D3D700B91F67 /* ViewController.swift in Sources */ = {isa = PBXBuildFile; fileRef = 8409F3832397D3D700B91F67 /* ViewController.swift */; };
		8409F3872397D3D700B91F67 /* Main.storyboard in Resources */ = {isa = PBXBuildFile; fileRef = 8409F3852397D3D700B91F67 /* Main.storyboard */; };
		8409F3892397D3D900B91F67 /* Assets.xcassets in Resources */ = {isa = PBXBuildFile; fileRef = 8409F3882397D3D900B91F67 /* Assets.xcassets */; };
		8409F38C2397D3D900B91F67 /* LaunchScreen.storyboard in Resources */ = {isa = PBXBuildFile; fileRef = 8409F38A2397D3D900B91F67 /* LaunchScreen.storyboard */; };
		84714878239BC59D003C5EE3 /* CountriesPickerViewController.swift in Sources */ = {isa = PBXBuildFile; fileRef = 84714877239BC59D003C5EE3 /* CountriesPickerViewController.swift */; };
		84AE65BE2397F618001D8919 /* UITextView+Extensions.swift in Sources */ = {isa = PBXBuildFile; fileRef = 84AE65BD2397F618001D8919 /* UITextView+Extensions.swift */; };
		84AE65C0239954ED001D8919 /* DetailsTextView.swift in Sources */ = {isa = PBXBuildFile; fileRef = 84AE65BF239954ED001D8919 /* DetailsTextView.swift */; };
		84AE65C2239989EA001D8919 /* PrimaryButton.swift in Sources */ = {isa = PBXBuildFile; fileRef = 84AE65C1239989EA001D8919 /* PrimaryButton.swift */; };
		D18EC573B3C5C2EEC3C5DADB /* libPods-fxpro.a in Frameworks */ = {isa = PBXBuildFile; fileRef = 3641C06E7ABD813F7D6B5ED8 /* libPods-fxpro.a */; };
/* End PBXBuildFile section */

/* Begin PBXFileReference section */
		3641C06E7ABD813F7D6B5ED8 /* libPods-fxpro.a */ = {isa = PBXFileReference; explicitFileType = archive.ar; includeInIndex = 0; path = "libPods-fxpro.a"; sourceTree = BUILT_PRODUCTS_DIR; };
		6527BDFEAC5B96ADD59B2F6F /* Pods-fxpro.debug.xcconfig */ = {isa = PBXFileReference; includeInIndex = 1; lastKnownFileType = text.xcconfig; name = "Pods-fxpro.debug.xcconfig"; path = "Target Support Files/Pods-fxpro/Pods-fxpro.debug.xcconfig"; sourceTree = "<group>"; };
		8402553B239D322400495F19 /* PhoneNumberForm.swift */ = {isa = PBXFileReference; lastKnownFileType = sourcecode.swift; path = PhoneNumberForm.swift; sourceTree = "<group>"; };
		8402553D239D80EA00495F19 /* String+Extension.swift */ = {isa = PBXFileReference; lastKnownFileType = sourcecode.swift; path = "String+Extension.swift"; sourceTree = "<group>"; };
		8402553F239D837300495F19 /* NSRegularExpression+Extension.swift */ = {isa = PBXFileReference; lastKnownFileType = sourcecode.swift; path = "NSRegularExpression+Extension.swift"; sourceTree = "<group>"; };
		84025545239DA3B200495F19 /* RegexValidator.swift */ = {isa = PBXFileReference; lastKnownFileType = sourcecode.swift; path = RegexValidator.swift; sourceTree = "<group>"; };
		84028A8E239A84C300A6A612 /* Validator.swift */ = {isa = PBXFileReference; lastKnownFileType = sourcecode.swift; path = Validator.swift; sourceTree = "<group>"; };
		84028A90239A871600A6A612 /* ValidatorFactory.swift */ = {isa = PBXFileReference; lastKnownFileType = sourcecode.swift; path = ValidatorFactory.swift; sourceTree = "<group>"; };
		84028A94239ADCD300A6A612 /* UIImage+Resize.swift */ = {isa = PBXFileReference; fileEncoding = 4; lastKnownFileType = sourcecode.swift; path = "UIImage+Resize.swift"; sourceTree = "<group>"; };
		84039963239E7F17005AD6F7 /* ValidatableTextField.swift */ = {isa = PBXFileReference; lastKnownFileType = sourcecode.swift; path = ValidatableTextField.swift; sourceTree = "<group>"; };
		84039965239EABE3005AD6F7 /* DateOfBirthValidator.swift */ = {isa = PBXFileReference; lastKnownFileType = sourcecode.swift; path = DateOfBirthValidator.swift; sourceTree = "<group>"; };
		8409F37C2397D3D700B91F67 /* fxpro.app */ = {isa = PBXFileReference; explicitFileType = wrapper.application; includeInIndex = 0; path = fxpro.app; sourceTree = BUILT_PRODUCTS_DIR; };
		8409F37F2397D3D700B91F67 /* AppDelegate.swift */ = {isa = PBXFileReference; lastKnownFileType = sourcecode.swift; path = AppDelegate.swift; sourceTree = "<group>"; };
		8409F3812397D3D700B91F67 /* SceneDelegate.swift */ = {isa = PBXFileReference; lastKnownFileType = sourcecode.swift; path = SceneDelegate.swift; sourceTree = "<group>"; };
		8409F3832397D3D700B91F67 /* ViewController.swift */ = {isa = PBXFileReference; lastKnownFileType = sourcecode.swift; path = ViewController.swift; sourceTree = "<group>"; };
		8409F3862397D3D700B91F67 /* Base */ = {isa = PBXFileReference; lastKnownFileType = file.storyboard; name = Base; path = Base.lproj/Main.storyboard; sourceTree = "<group>"; };
		8409F3882397D3D900B91F67 /* Assets.xcassets */ = {isa = PBXFileReference; lastKnownFileType = folder.assetcatalog; path = Assets.xcassets; sourceTree = "<group>"; };
		8409F38B2397D3D900B91F67 /* Base */ = {isa = PBXFileReference; lastKnownFileType = file.storyboard; name = Base; path = Base.lproj/LaunchScreen.storyboard; sourceTree = "<group>"; };
		8409F38D2397D3D900B91F67 /* Info.plist */ = {isa = PBXFileReference; lastKnownFileType = text.plist.xml; path = Info.plist; sourceTree = "<group>"; };
		84714877239BC59D003C5EE3 /* CountriesPickerViewController.swift */ = {isa = PBXFileReference; lastKnownFileType = sourcecode.swift; path = CountriesPickerViewController.swift; sourceTree = "<group>"; };
		84AE65BD2397F618001D8919 /* UITextView+Extensions.swift */ = {isa = PBXFileReference; lastKnownFileType = sourcecode.swift; path = "UITextView+Extensions.swift"; sourceTree = "<group>"; };
		84AE65BF239954ED001D8919 /* DetailsTextView.swift */ = {isa = PBXFileReference; lastKnownFileType = sourcecode.swift; path = DetailsTextView.swift; sourceTree = "<group>"; };
		84AE65C1239989EA001D8919 /* PrimaryButton.swift */ = {isa = PBXFileReference; lastKnownFileType = sourcecode.swift; path = PrimaryButton.swift; sourceTree = "<group>"; };
		CCC53B40E2B69A192741212A /* Pods-fxpro.release.xcconfig */ = {isa = PBXFileReference; includeInIndex = 1; lastKnownFileType = text.xcconfig; name = "Pods-fxpro.release.xcconfig"; path = "Target Support Files/Pods-fxpro/Pods-fxpro.release.xcconfig"; sourceTree = "<group>"; };
/* End PBXFileReference section */

/* Begin PBXFrameworksBuildPhase section */
		8409F3792397D3D700B91F67 /* Frameworks */ = {
			isa = PBXFrameworksBuildPhase;
			buildActionMask = 2147483647;
			files = (
				D18EC573B3C5C2EEC3C5DADB /* libPods-fxpro.a in Frameworks */,
			);
			runOnlyForDeploymentPostprocessing = 0;
		};
/* End PBXFrameworksBuildPhase section */

/* Begin PBXGroup section */
		84028A8C239A588E00A6A612 /* Extensions */ = {
			isa = PBXGroup;
			children = (
				84028A94239ADCD300A6A612 /* UIImage+Resize.swift */,
				84AE65BD2397F618001D8919 /* UITextView+Extensions.swift */,
				8402553F239D837300495F19 /* NSRegularExpression+Extension.swift */,
				8402553D239D80EA00495F19 /* String+Extension.swift */,
			);
			path = Extensions;
			sourceTree = "<group>";
		};
		84028A8D239A849C00A6A612 /* Validation */ = {
			isa = PBXGroup;
			children = (
				84028A8E239A84C300A6A612 /* Validator.swift */,
				84025545239DA3B200495F19 /* RegexValidator.swift */,
				84028A90239A871600A6A612 /* ValidatorFactory.swift */,
				84039965239EABE3005AD6F7 /* DateOfBirthValidator.swift */,
			);
			path = Validation;
			sourceTree = "<group>";
		};
		8409F3732397D3D700B91F67 = {
			isa = PBXGroup;
			children = (
				8409F37E2397D3D700B91F67 /* fxpro */,
				8409F37D2397D3D700B91F67 /* Products */,
				BE9FCBEBC5F7AC09C97AAC1E /* Pods */,
				8F466052E217B8BE34E20A11 /* Frameworks */,
			);
			sourceTree = "<group>";
		};
		8409F37D2397D3D700B91F67 /* Products */ = {
			isa = PBXGroup;
			children = (
				8409F37C2397D3D700B91F67 /* fxpro.app */,
			);
			name = Products;
			sourceTree = "<group>";
		};
		8409F37E2397D3D700B91F67 /* fxpro */ = {
			isa = PBXGroup;
			children = (
				84028A8C239A588E00A6A612 /* Extensions */,
				84028A8D239A849C00A6A612 /* Validation */,
				84AE65C323998CE7001D8919 /* UI */,
				84AE65BC2397F5D2001D8919 /* ViewControllers */,
				8409F37F2397D3D700B91F67 /* AppDelegate.swift */,
				8409F3812397D3D700B91F67 /* SceneDelegate.swift */,
				8409F3852397D3D700B91F67 /* Main.storyboard */,
				8409F3882397D3D900B91F67 /* Assets.xcassets */,
				8409F38A2397D3D900B91F67 /* LaunchScreen.storyboard */,
				8409F38D2397D3D900B91F67 /* Info.plist */,
			);
			path = fxpro;
			sourceTree = "<group>";
		};
		84AE65BC2397F5D2001D8919 /* ViewControllers */ = {
			isa = PBXGroup;
			children = (
				8409F3832397D3D700B91F67 /* ViewController.swift */,
				84714877239BC59D003C5EE3 /* CountriesPickerViewController.swift */,
			);
			path = ViewControllers;
			sourceTree = "<group>";
		};
		84AE65C323998CE7001D8919 /* UI */ = {
			isa = PBXGroup;
			children = (
				84AE65BF239954ED001D8919 /* DetailsTextView.swift */,
				84AE65C1239989EA001D8919 /* PrimaryButton.swift */,
				8402553B239D322400495F19 /* PhoneNumberForm.swift */,
				84039963239E7F17005AD6F7 /* ValidatableTextField.swift */,
			);
			path = UI;
			sourceTree = "<group>";
		};
		8F466052E217B8BE34E20A11 /* Frameworks */ = {
			isa = PBXGroup;
			children = (
				3641C06E7ABD813F7D6B5ED8 /* libPods-fxpro.a */,
			);
			name = Frameworks;
			sourceTree = "<group>";
		};
		BE9FCBEBC5F7AC09C97AAC1E /* Pods */ = {
			isa = PBXGroup;
			children = (
				6527BDFEAC5B96ADD59B2F6F /* Pods-fxpro.debug.xcconfig */,
				CCC53B40E2B69A192741212A /* Pods-fxpro.release.xcconfig */,
			);
			path = Pods;
			sourceTree = "<group>";
		};
/* End PBXGroup section */

/* Begin PBXNativeTarget section */
		8409F37B2397D3D700B91F67 /* fxpro */ = {
			isa = PBXNativeTarget;
			buildConfigurationList = 8409F3902397D3D900B91F67 /* Build configuration list for PBXNativeTarget "fxpro" */;
			buildPhases = (
				93218484B9EDCD0BEBD01361 /* [CP] Check Pods Manifest.lock */,
				8409F3782397D3D700B91F67 /* Sources */,
				8409F3792397D3D700B91F67 /* Frameworks */,
				8409F37A2397D3D700B91F67 /* Resources */,
				0DFFF5C4B7A3A2CBF02C21D2 /* [CP] Copy Pods Resources */,
			);
			buildRules = (
			);
			dependencies = (
			);
			name = fxpro;
			productName = fxpro;
			productReference = 8409F37C2397D3D700B91F67 /* fxpro.app */;
			productType = "com.apple.product-type.application";
		};
/* End PBXNativeTarget section */

/* Begin PBXProject section */
		8409F3742397D3D700B91F67 /* Project object */ = {
			isa = PBXProject;
			attributes = {
				LastSwiftUpdateCheck = 1110;
				LastUpgradeCheck = 1110;
				ORGANIZATIONNAME = admin;
				TargetAttributes = {
					8409F37B2397D3D700B91F67 = {
						CreatedOnToolsVersion = 11.1;
					};
				};
			};
			buildConfigurationList = 8409F3772397D3D700B91F67 /* Build configuration list for PBXProject "fxpro" */;
			compatibilityVersion = "Xcode 9.3";
			developmentRegion = en;
			hasScannedForEncodings = 0;
			knownRegions = (
				en,
				Base,
			);
			mainGroup = 8409F3732397D3D700B91F67;
			productRefGroup = 8409F37D2397D3D700B91F67 /* Products */;
			projectDirPath = "";
			projectRoot = "";
			targets = (
				8409F37B2397D3D700B91F67 /* fxpro */,
			);
		};
/* End PBXProject section */

/* Begin PBXResourcesBuildPhase section */
		8409F37A2397D3D700B91F67 /* Resources */ = {
			isa = PBXResourcesBuildPhase;
			buildActionMask = 2147483647;
			files = (
				8409F38C2397D3D900B91F67 /* LaunchScreen.storyboard in Resources */,
				8409F3892397D3D900B91F67 /* Assets.xcassets in Resources */,
				8409F3872397D3D700B91F67 /* Main.storyboard in Resources */,
			);
			runOnlyForDeploymentPostprocessing = 0;
		};
/* End PBXResourcesBuildPhase section */

/* Begin PBXShellScriptBuildPhase section */
		0DFFF5C4B7A3A2CBF02C21D2 /* [CP] Copy Pods Resources */ = {
			isa = PBXShellScriptBuildPhase;
			buildActionMask = 2147483647;
			files = (
			);
			inputFileListPaths = (
				"${PODS_ROOT}/Target Support Files/Pods-fxpro/Pods-fxpro-resources-${CONFIGURATION}-input-files.xcfilelist",
			);
			name = "[CP] Copy Pods Resources";
			outputFileListPaths = (
				"${PODS_ROOT}/Target Support Files/Pods-fxpro/Pods-fxpro-resources-${CONFIGURATION}-output-files.xcfilelist",
			);
			runOnlyForDeploymentPostprocessing = 0;
			shellPath = /bin/sh;
			shellScript = "\"${PODS_ROOT}/Target Support Files/Pods-fxpro/Pods-fxpro-resources.sh\"\n";
			showEnvVarsInLog = 0;
		};
		93218484B9EDCD0BEBD01361 /* [CP] Check Pods Manifest.lock */ = {
			isa = PBXShellScriptBuildPhase;
			buildActionMask = 2147483647;
			files = (
			);
			inputFileListPaths = (
			);
			inputPaths = (
				"${PODS_PODFILE_DIR_PATH}/Podfile.lock",
				"${PODS_ROOT}/Manifest.lock",
			);
			name = "[CP] Check Pods Manifest.lock";
			outputFileListPaths = (
			);
			outputPaths = (
				"$(DERIVED_FILE_DIR)/Pods-fxpro-checkManifestLockResult.txt",
			);
			runOnlyForDeploymentPostprocessing = 0;
			shellPath = /bin/sh;
			shellScript = "diff \"${PODS_PODFILE_DIR_PATH}/Podfile.lock\" \"${PODS_ROOT}/Manifest.lock\" > /dev/null\nif [ $? != 0 ] ; then\n    # print error to STDERR\n    echo \"error: The sandbox is not in sync with the Podfile.lock. Run 'pod install' or update your CocoaPods installation.\" >&2\n    exit 1\nfi\n# This output is used by Xcode 'outputs' to avoid re-running this script phase.\necho \"SUCCESS\" > \"${SCRIPT_OUTPUT_FILE_0}\"\n";
			showEnvVarsInLog = 0;
		};
/* End PBXShellScriptBuildPhase section */

/* Begin PBXSourcesBuildPhase section */
		8409F3782397D3D700B91F67 /* Sources */ = {
			isa = PBXSourcesBuildPhase;
			buildActionMask = 2147483647;
			files = (
				84025546239DA3B200495F19 /* RegexValidator.swift in Sources */,
				84AE65C2239989EA001D8919 /* PrimaryButton.swift in Sources */,
				84AE65C0239954ED001D8919 /* DetailsTextView.swift in Sources */,
				8409F3842397D3D700B91F67 /* ViewController.swift in Sources */,
				84028A95239ADCD300A6A612 /* UIImage+Resize.swift in Sources */,
				8409F3802397D3D700B91F67 /* AppDelegate.swift in Sources */,
				84028A8F239A84C300A6A612 /* Validator.swift in Sources */,
				84039966239EABE3005AD6F7 /* DateOfBirthValidator.swift in Sources */,
				8402553E239D80EA00495F19 /* String+Extension.swift in Sources */,
				84AE65BE2397F618001D8919 /* UITextView+Extensions.swift in Sources */,
				84039964239E7F17005AD6F7 /* ValidatableTextField.swift in Sources */,
				84714878239BC59D003C5EE3 /* CountriesPickerViewController.swift in Sources */,
				8409F3822397D3D700B91F67 /* SceneDelegate.swift in Sources */,
				84025540239D837300495F19 /* NSRegularExpression+Extension.swift in Sources */,
				84028A91239A871600A6A612 /* ValidatorFactory.swift in Sources */,
				8402553C239D322500495F19 /* PhoneNumberForm.swift in Sources */,
			);
			runOnlyForDeploymentPostprocessing = 0;
		};
/* End PBXSourcesBuildPhase section */

/* Begin PBXVariantGroup section */
		8409F3852397D3D700B91F67 /* Main.storyboard */ = {
			isa = PBXVariantGroup;
			children = (
				8409F3862397D3D700B91F67 /* Base */,
			);
			name = Main.storyboard;
			sourceTree = "<group>";
		};
		8409F38A2397D3D900B91F67 /* LaunchScreen.storyboard */ = {
			isa = PBXVariantGroup;
			children = (
				8409F38B2397D3D900B91F67 /* Base */,
			);
			name = LaunchScreen.storyboard;
			sourceTree = "<group>";
		};
/* End PBXVariantGroup section */

/* Begin XCBuildConfiguration section */
		8409F38E2397D3D900B91F67 /* Debug */ = {
			isa = XCBuildConfiguration;
			buildSettings = {
				ALWAYS_SEARCH_USER_PATHS = NO;
				CLANG_ANALYZER_NONNULL = YES;
				CLANG_ANALYZER_NUMBER_OBJECT_CONVERSION = YES_AGGRESSIVE;
				CLANG_CXX_LANGUAGE_STANDARD = "gnu++14";
				CLANG_CXX_LIBRARY = "libc++";
				CLANG_ENABLE_MODULES = YES;
				CLANG_ENABLE_OBJC_ARC = YES;
				CLANG_ENABLE_OBJC_WEAK = YES;
				CLANG_WARN_BLOCK_CAPTURE_AUTORELEASING = YES;
				CLANG_WARN_BOOL_CONVERSION = YES;
				CLANG_WARN_COMMA = YES;
				CLANG_WARN_CONSTANT_CONVERSION = YES;
				CLANG_WARN_DEPRECATED_OBJC_IMPLEMENTATIONS = YES;
				CLANG_WARN_DIRECT_OBJC_ISA_USAGE = YES_ERROR;
				CLANG_WARN_DOCUMENTATION_COMMENTS = YES;
				CLANG_WARN_EMPTY_BODY = YES;
				CLANG_WARN_ENUM_CONVERSION = YES;
				CLANG_WARN_INFINITE_RECURSION = YES;
				CLANG_WARN_INT_CONVERSION = YES;
				CLANG_WARN_NON_LITERAL_NULL_CONVERSION = YES;
				CLANG_WARN_OBJC_IMPLICIT_RETAIN_SELF = YES;
				CLANG_WARN_OBJC_LITERAL_CONVERSION = YES;
				CLANG_WARN_OBJC_ROOT_CLASS = YES_ERROR;
				CLANG_WARN_RANGE_LOOP_ANALYSIS = YES;
				CLANG_WARN_STRICT_PROTOTYPES = YES;
				CLANG_WARN_SUSPICIOUS_MOVE = YES;
				CLANG_WARN_UNGUARDED_AVAILABILITY = YES_AGGRESSIVE;
				CLANG_WARN_UNREACHABLE_CODE = YES;
				CLANG_WARN__DUPLICATE_METHOD_MATCH = YES;
				COPY_PHASE_STRIP = NO;
				DEBUG_INFORMATION_FORMAT = dwarf;
				ENABLE_STRICT_OBJC_MSGSEND = YES;
				ENABLE_TESTABILITY = YES;
				GCC_C_LANGUAGE_STANDARD = gnu11;
				GCC_DYNAMIC_NO_PIC = NO;
				GCC_NO_COMMON_BLOCKS = YES;
				GCC_OPTIMIZATION_LEVEL = 0;
				GCC_PREPROCESSOR_DEFINITIONS = (
					"DEBUG=1",
					"$(inherited)",
				);
				GCC_WARN_64_TO_32_BIT_CONVERSION = YES;
				GCC_WARN_ABOUT_RETURN_TYPE = YES_ERROR;
				GCC_WARN_UNDECLARED_SELECTOR = YES;
				GCC_WARN_UNINITIALIZED_AUTOS = YES_AGGRESSIVE;
				GCC_WARN_UNUSED_FUNCTION = YES;
				GCC_WARN_UNUSED_VARIABLE = YES;
				IPHONEOS_DEPLOYMENT_TARGET = 13.1;
				MTL_ENABLE_DEBUG_INFO = INCLUDE_SOURCE;
				MTL_FAST_MATH = YES;
				ONLY_ACTIVE_ARCH = YES;
				SDKROOT = iphoneos;
				SWIFT_ACTIVE_COMPILATION_CONDITIONS = DEBUG;
				SWIFT_OPTIMIZATION_LEVEL = "-Onone";
			};
			name = Debug;
		};
		8409F38F2397D3D900B91F67 /* Release */ = {
			isa = XCBuildConfiguration;
			buildSettings = {
				ALWAYS_SEARCH_USER_PATHS = NO;
				CLANG_ANALYZER_NONNULL = YES;
				CLANG_ANALYZER_NUMBER_OBJECT_CONVERSION = YES_AGGRESSIVE;
				CLANG_CXX_LANGUAGE_STANDARD = "gnu++14";
				CLANG_CXX_LIBRARY = "libc++";
				CLANG_ENABLE_MODULES = YES;
				CLANG_ENABLE_OBJC_ARC = YES;
				CLANG_ENABLE_OBJC_WEAK = YES;
				CLANG_WARN_BLOCK_CAPTURE_AUTORELEASING = YES;
				CLANG_WARN_BOOL_CONVERSION = YES;
				CLANG_WARN_COMMA = YES;
				CLANG_WARN_CONSTANT_CONVERSION = YES;
				CLANG_WARN_DEPRECATED_OBJC_IMPLEMENTATIONS = YES;
				CLANG_WARN_DIRECT_OBJC_ISA_USAGE = YES_ERROR;
				CLANG_WARN_DOCUMENTATION_COMMENTS = YES;
				CLANG_WARN_EMPTY_BODY = YES;
				CLANG_WARN_ENUM_CONVERSION = YES;
				CLANG_WARN_INFINITE_RECURSION = YES;
				CLANG_WARN_INT_CONVERSION = YES;
				CLANG_WARN_NON_LITERAL_NULL_CONVERSION = YES;
				CLANG_WARN_OBJC_IMPLICIT_RETAIN_SELF = YES;
				CLANG_WARN_OBJC_LITERAL_CONVERSION = YES;
				CLANG_WARN_OBJC_ROOT_CLASS = YES_ERROR;
				CLANG_WARN_RANGE_LOOP_ANALYSIS = YES;
				CLANG_WARN_STRICT_PROTOTYPES = YES;
				CLANG_WARN_SUSPICIOUS_MOVE = YES;
				CLANG_WARN_UNGUARDED_AVAILABILITY = YES_AGGRESSIVE;
				CLANG_WARN_UNREACHABLE_CODE = YES;
				CLANG_WARN__DUPLICATE_METHOD_MATCH = YES;
				COPY_PHASE_STRIP = NO;
				DEBUG_INFORMATION_FORMAT = "dwarf-with-dsym";
				ENABLE_NS_ASSERTIONS = NO;
				ENABLE_STRICT_OBJC_MSGSEND = YES;
				GCC_C_LANGUAGE_STANDARD = gnu11;
				GCC_NO_COMMON_BLOCKS = YES;
				GCC_WARN_64_TO_32_BIT_CONVERSION = YES;
				GCC_WARN_ABOUT_RETURN_TYPE = YES_ERROR;
				GCC_WARN_UNDECLARED_SELECTOR = YES;
				GCC_WARN_UNINITIALIZED_AUTOS = YES_AGGRESSIVE;
				GCC_WARN_UNUSED_FUNCTION = YES;
				GCC_WARN_UNUSED_VARIABLE = YES;
				IPHONEOS_DEPLOYMENT_TARGET = 13.1;
				MTL_ENABLE_DEBUG_INFO = NO;
				MTL_FAST_MATH = YES;
				SDKROOT = iphoneos;
				SWIFT_COMPILATION_MODE = wholemodule;
				SWIFT_OPTIMIZATION_LEVEL = "-O";
				VALIDATE_PRODUCT = YES;
			};
			name = Release;
		};
		8409F3912397D3D900B91F67 /* Debug */ = {
			isa = XCBuildConfiguration;
			baseConfigurationReference = 6527BDFEAC5B96ADD59B2F6F /* Pods-fxpro.debug.xcconfig */;
			buildSettings = {
				ASSETCATALOG_COMPILER_APPICON_NAME = AppIcon;
				CODE_SIGN_STYLE = Automatic;
				DEVELOPMENT_TEAM = D6GYACY372;
				INFOPLIST_FILE = fxpro/Info.plist;
				LD_RUNPATH_SEARCH_PATHS = (
					"$(inherited)",
					"@executable_path/Frameworks",
				);
				PRODUCT_BUNDLE_IDENTIFIER = Appricot.fxpro;
				PRODUCT_NAME = "$(TARGET_NAME)";
				SWIFT_VERSION = 5.0;
				TARGETED_DEVICE_FAMILY = "1,2";
			};
			name = Debug;
		};
		8409F3922397D3D900B91F67 /* Release */ = {
			isa = XCBuildConfiguration;
			baseConfigurationReference = CCC53B40E2B69A192741212A /* Pods-fxpro.release.xcconfig */;
			buildSettings = {
				ASSETCATALOG_COMPILER_APPICON_NAME = AppIcon;
				CODE_SIGN_STYLE = Automatic;
				DEVELOPMENT_TEAM = D6GYACY372;
				INFOPLIST_FILE = fxpro/Info.plist;
				LD_RUNPATH_SEARCH_PATHS = (
					"$(inherited)",
					"@executable_path/Frameworks",
				);
				PRODUCT_BUNDLE_IDENTIFIER = Appricot.fxpro;
				PRODUCT_NAME = "$(TARGET_NAME)";
				SWIFT_VERSION = 5.0;
				TARGETED_DEVICE_FAMILY = "1,2";
			};
			name = Release;
		};
/* End XCBuildConfiguration section */

/* Begin XCConfigurationList section */
		8409F3772397D3D700B91F67 /* Build configuration list for PBXProject "fxpro" */ = {
			isa = XCConfigurationList;
			buildConfigurations = (
				8409F38E2397D3D900B91F67 /* Debug */,
				8409F38F2397D3D900B91F67 /* Release */,
			);
			defaultConfigurationIsVisible = 0;
			defaultConfigurationName = Release;
		};
		8409F3902397D3D900B91F67 /* Build configuration list for PBXNativeTarget "fxpro" */ = {
			isa = XCConfigurationList;
			buildConfigurations = (
				8409F3912397D3D900B91F67 /* Debug */,
				8409F3922397D3D900B91F67 /* Release */,
			);
			defaultConfigurationIsVisible = 0;
			defaultConfigurationName = Release;
		};
/* End XCConfigurationList section */
	};
	rootObject = 8409F3742397D3D700B91F67 /* Project object */;
}
